
Microsoft Visual Studio Solution File, Format Version 11.00
# Visual Studio 2010
Project("{FAE04EC0-301F-11D3-BF4B-00C04F79EFBC}") = "Scripts", "Scripts.csproj", "{ef010657-d62d-61ef-d3ea-8821c3cf2d1c}"
EndProject
Project("{FAE04EC0-301F-11D3-BF4B-00C04F79EFBC}") = "PlayMode", "PlayMode.csproj", "{5be740a9-32f4-e2a5-d342-556124ca461c}"
EndProject
Global
	GlobalSection(SolutionConfigurationPlatforms) = preSolution
		Debug|Any CPU = Debug|Any CPU
		Release|Any CPU = Release|Any CPU
	EndGlobalSection
	GlobalSection(ProjectConfigurationPlatforms) = postSolution
		{ef010657-d62d-61ef-d3ea-8821c3cf2d1c}.Debug|Any CPU.ActiveCfg = Debug|Any CPU
		{ef010657-d62d-61ef-d3ea-8821c3cf2d1c}.Debug|Any CPU.Build.0 = Debug|Any CPU
		{ef010657-d62d-61ef-d3ea-8821c3cf2d1c}.Release|Any CPU.ActiveCfg = Release|Any CPU
		{ef010657-d62d-61ef-d3ea-8821c3cf2d1c}.Release|Any CPU.Build.0 = Release|Any CPU
		{5be740a9-32f4-e2a5-d342-556124ca461c}.Debug|Any CPU.ActiveCfg = Debug|Any CPU
		{5be740a9-32f4-e2a5-d342-556124ca461c}.Debug|Any CPU.Build.0 = Debug|Any CPU
		{5be740a9-32f4-e2a5-d342-556124ca461c}.Release|Any CPU.ActiveCfg = Release|Any CPU
		{5be740a9-32f4-e2a5-d342-556124ca461c}.Release|Any CPU.Build.0 = Release|Any CPU
	EndGlobalSection
	GlobalSection(SolutionProperties) = preSolution
		HideSolutionNode = FALSE
	EndGlobalSection
EndGlobal
